
Microsoft Visual Studio Solution File, Format Version 12.00
# Visual Studio 2012
Project("{FAE04EC0-301F-11D3-BF4B-00C04F79EFBC}") = "GrocerEase", "GrocerEase\GrocerEase.csproj", "{C13211D8-D221-401C-B7B1-18418F2016C2}"
EndProject
Project("{FAE04EC0-301F-11D3-BF4B-00C04F79EFBC}") = "GrocerEase.iOS", "iOS\GrocerEase.iOS.csproj", "{78BFCFBF-5F8E-4D02-8E9D-5F9FF1074AC7}"
EndProject
Project("{FAE04EC0-301F-11D3-BF4B-00C04F79EFBC}") = "GrocerEase.Droid", "Droid\GrocerEase.Droid.csproj", "{EAF985EA-B6B3-4AFB-B263-951490268735}"
EndProject
Global
	GlobalSection(SolutionConfigurationPlatforms) = preSolution
		Debug|Any CPU = Debug|Any CPU
		Release|Any CPU = Release|Any CPU
		Debug|iPhoneSimulator = Debug|iPhoneSimulator
		Release|iPhone = Release|iPhone
		Release|iPhoneSimulator = Release|iPhoneSimulator
		Debug|iPhone = Debug|iPhone
	EndGlobalSection
	GlobalSection(ProjectConfigurationPlatforms) = postSolution
		{C13211D8-D221-401C-B7B1-18418F2016C2}.Debug|Any CPU.ActiveCfg = Debug|Any CPU
		{C13211D8-D221-401C-B7B1-18418F2016C2}.Debug|Any CPU.Build.0 = Debug|Any CPU
		{C13211D8-D221-401C-B7B1-18418F2016C2}.Release|Any CPU.ActiveCfg = Release|Any CPU
		{C13211D8-D221-401C-B7B1-18418F2016C2}.Release|Any CPU.Build.0 = Release|Any CPU
		{C13211D8-D221-401C-B7B1-18418F2016C2}.Debug|iPhoneSimulator.ActiveCfg = Debug|Any CPU
		{C13211D8-D221-401C-B7B1-18418F2016C2}.Debug|iPhoneSimulator.Build.0 = Debug|Any CPU
		{C13211D8-D221-401C-B7B1-18418F2016C2}.Release|iPhone.ActiveCfg = Release|Any CPU
		{C13211D8-D221-401C-B7B1-18418F2016C2}.Release|iPhone.Build.0 = Release|Any CPU
		{C13211D8-D221-401C-B7B1-18418F2016C2}.Release|iPhoneSimulator.ActiveCfg = Release|Any CPU
		{C13211D8-D221-401C-B7B1-18418F2016C2}.Release|iPhoneSimulator.Build.0 = Release|Any CPU
		{C13211D8-D221-401C-B7B1-18418F2016C2}.Debug|iPhone.ActiveCfg = Debug|Any CPU
		{C13211D8-D221-401C-B7B1-18418F2016C2}.Debug|iPhone.Build.0 = Debug|Any CPU
		{78BFCFBF-5F8E-4D02-8E9D-5F9FF1074AC7}.Debug|Any CPU.ActiveCfg = Debug|iPhoneSimulator
		{78BFCFBF-5F8E-4D02-8E9D-5F9FF1074AC7}.Debug|Any CPU.Build.0 = Debug|iPhoneSimulator
		{78BFCFBF-5F8E-4D02-8E9D-5F9FF1074AC7}.Release|Any CPU.ActiveCfg = Release|iPhone
		{78BFCFBF-5F8E-4D02-8E9D-5F9FF1074AC7}.Release|Any CPU.Build.0 = Release|iPhone
		{78BFCFBF-5F8E-4D02-8E9D-5F9FF1074AC7}.Debug|iPhoneSimulator.ActiveCfg = Debug|iPhoneSimulator
		{78BFCFBF-5F8E-4D02-8E9D-5F9FF1074AC7}.Debug|iPhoneSimulator.Build.0 = Debug|iPhoneSimulator
		{78BFCFBF-5F8E-4D02-8E9D-5F9FF1074AC7}.Release|iPhone.ActiveCfg = Release|iPhone
		{78BFCFBF-5F8E-4D02-8E9D-5F9FF1074AC7}.Release|iPhone.Build.0 = Release|iPhone
		{78BFCFBF-5F8E-4D02-8E9D-5F9FF1074AC7}.Release|iPhoneSimulator.ActiveCfg = Release|iPhoneSimulator
		{78BFCFBF-5F8E-4D02-8E9D-5F9FF1074AC7}.Release|iPhoneSimulator.Build.0 = Release|iPhoneSimulator
		{78BFCFBF-5F8E-4D02-8E9D-5F9FF1074AC7}.Debug|iPhone.ActiveCfg = Debug|iPhone
		{78BFCFBF-5F8E-4D02-8E9D-5F9FF1074AC7}.Debug|iPhone.Build.0 = Debug|iPhone
		{EAF985EA-B6B3-4AFB-B263-951490268735}.Debug|Any CPU.ActiveCfg = Debug|Any CPU
		{EAF985EA-B6B3-4AFB-B263-951490268735}.Debug|Any CPU.Build.0 = Debug|Any CPU
		{EAF985EA-B6B3-4AFB-B263-951490268735}.Release|Any CPU.ActiveCfg = Release|Any CPU
		{EAF985EA-B6B3-4AFB-B263-951490268735}.Release|Any CPU.Build.0 = Release|Any CPU
		{EAF985EA-B6B3-4AFB-B263-951490268735}.Debug|iPhoneSimulator.ActiveCfg = Debug|Any CPU
		{EAF985EA-B6B3-4AFB-B263-951490268735}.Debug|iPhoneSimulator.Build.0 = Debug|Any CPU
		{EAF985EA-B6B3-4AFB-B263-951490268735}.Release|iPhone.ActiveCfg = Release|Any CPU
		{EAF985EA-B6B3-4AFB-B263-951490268735}.Release|iPhone.Build.0 = Release|Any CPU
		{EAF985EA-B6B3-4AFB-B263-951490268735}.Release|iPhoneSimulator.ActiveCfg = Release|Any CPU
		{EAF985EA-B6B3-4AFB-B263-951490268735}.Release|iPhoneSimulator.Build.0 = Release|Any CPU
		{EAF985EA-B6B3-4AFB-B263-951490268735}.Debug|iPhone.ActiveCfg = Debug|Any CPU
		{EAF985EA-B6B3-4AFB-B263-951490268735}.Debug|iPhone.Build.0 = Debug|Any CPU
	EndGlobalSection
EndGlobal
